
Microsoft Visual Studio Solution File, Format Version 12.00
# Visual Studio 2010
Project("{FAE04EC0-301F-11D3-BF4B-00C04F79EFBC}") = "Assembly-CSharp", "Assembly-CSharp.csproj", "{A3D56534-434F-76FB-1FCF-9B0EC4392CA0}"
EndProject
Project("{FAE04EC0-301F-11D3-BF4B-00C04F79EFBC}") = "Game.Runtime", "Game.Runtime.csproj", "{0E2E11CF-26BB-CCC8-C9B6-A6E9E35FE7D6}"
EndProject
Project("{FAE04EC0-301F-11D3-BF4B-00C04F79EFBC}") = "Game399.Shared", "Game399.Shared.csproj", "{AFB210CC-EB06-531A-0E35-735E023E5BDE}"
EndProject
Project("{2150E333-8FDC-42A3-9474-1A3956D46DE8}") = "src", "src", "{827E0CD3-B72D-47B6-A68D-7590B98EB39B}"
EndProject
Project("{2150E333-8FDC-42A3-9474-1A3956D46DE8}") = "Shared", "Shared", "{C8E42992-5E42-0C2B-DBFE-AA848D06431C}"
EndProject
Project("{FAE04EC0-301F-11D3-BF4B-00C04F79EFBC}") = "Game399.Tests", "src\Shared\Game399.Tests\Game399.Tests.csproj", "{BDA29E90-5AA0-408B-A6E9-898C76930173}"
EndProject
Global
	GlobalSection(SolutionConfigurationPlatforms) = preSolution
		Debug|Any CPU = Debug|Any CPU
		Debug|x64 = Debug|x64
		Debug|x86 = Debug|x86
		Release|Any CPU = Release|Any CPU
		Release|x64 = Release|x64
		Release|x86 = Release|x86
	EndGlobalSection
	GlobalSection(ProjectConfigurationPlatforms) = postSolution
		{A3D56534-434F-76FB-1FCF-9B0EC4392CA0}.Debug|Any CPU.ActiveCfg = Debug|Any CPU
		{A3D56534-434F-76FB-1FCF-9B0EC4392CA0}.Debug|Any CPU.Build.0 = Debug|Any CPU
		{A3D56534-434F-76FB-1FCF-9B0EC4392CA0}.Debug|x64.ActiveCfg = Debug|Any CPU
		{A3D56534-434F-76FB-1FCF-9B0EC4392CA0}.Debug|x64.Build.0 = Debug|Any CPU
		{A3D56534-434F-76FB-1FCF-9B0EC4392CA0}.Debug|x86.ActiveCfg = Debug|Any CPU
		{A3D56534-434F-76FB-1FCF-9B0EC4392CA0}.Debug|x86.Build.0 = Debug|Any CPU
		{A3D56534-434F-76FB-1FCF-9B0EC4392CA0}.Release|Any CPU.ActiveCfg = Release|Any CPU
		{A3D56534-434F-76FB-1FCF-9B0EC4392CA0}.Release|Any CPU.Build.0 = Release|Any CPU
		{A3D56534-434F-76FB-1FCF-9B0EC4392CA0}.Release|x64.ActiveCfg = Release|Any CPU
		{A3D56534-434F-76FB-1FCF-9B0EC4392CA0}.Release|x64.Build.0 = Release|Any CPU
		{A3D56534-434F-76FB-1FCF-9B0EC4392CA0}.Release|x86.ActiveCfg = Release|Any CPU
		{A3D56534-434F-76FB-1FCF-9B0EC4392CA0}.Release|x86.Build.0 = Release|Any CPU
		{0E2E11CF-26BB-CCC8-C9B6-A6E9E35FE7D6}.Debug|Any CPU.ActiveCfg = Debug|Any CPU
		{0E2E11CF-26BB-CCC8-C9B6-A6E9E35FE7D6}.Debug|Any CPU.Build.0 = Debug|Any CPU
		{0E2E11CF-26BB-CCC8-C9B6-A6E9E35FE7D6}.Debug|x64.ActiveCfg = Debug|Any CPU
		{0E2E11CF-26BB-CCC8-C9B6-A6E9E35FE7D6}.Debug|x64.Build.0 = Debug|Any CPU
		{0E2E11CF-26BB-CCC8-C9B6-A6E9E35FE7D6}.Debug|x86.ActiveCfg = Debug|Any CPU
		{0E2E11CF-26BB-CCC8-C9B6-A6E9E35FE7D6}.Debug|x86.Build.0 = Debug|Any CPU
		{0E2E11CF-26BB-CCC8-C9B6-A6E9E35FE7D6}.Release|Any CPU.ActiveCfg = Release|Any CPU
		{0E2E11CF-26BB-CCC8-C9B6-A6E9E35FE7D6}.Release|Any CPU.Build.0 = Release|Any CPU
		{0E2E11CF-26BB-CCC8-C9B6-A6E9E35FE7D6}.Release|x64.ActiveCfg = Release|Any CPU
		{0E2E11CF-26BB-CCC8-C9B6-A6E9E35FE7D6}.Release|x64.Build.0 = Release|Any CPU
		{0E2E11CF-26BB-CCC8-C9B6-A6E9E35FE7D6}.Release|x86.ActiveCfg = Release|Any CPU
		{0E2E11CF-26BB-CCC8-C9B6-A6E9E35FE7D6}.Release|x86.Build.0 = Release|Any CPU
		{AFB210CC-EB06-531A-0E35-735E023E5BDE}.Debug|Any CPU.ActiveCfg = Debug|Any CPU
		{AFB210CC-EB06-531A-0E35-735E023E5BDE}.Debug|Any CPU.Build.0 = Debug|Any CPU
		{AFB210CC-EB06-531A-0E35-735E023E5BDE}.Debug|x64.ActiveCfg = Debug|Any CPU
		{AFB210CC-EB06-531A-0E35-735E023E5BDE}.Debug|x64.Build.0 = Debug|Any CPU
		{AFB210CC-EB06-531A-0E35-735E023E5BDE}.Debug|x86.ActiveCfg = Debug|Any CPU
		{AFB210CC-EB06-531A-0E35-735E023E5BDE}.Debug|x86.Build.0 = Debug|Any CPU
		{AFB210CC-EB06-531A-0E35-735E023E5BDE}.Release|Any CPU.ActiveCfg = Release|Any CPU
		{AFB210CC-EB06-531A-0E35-735E023E5BDE}.Release|Any CPU.Build.0 = Release|Any CPU
		{AFB210CC-EB06-531A-0E35-735E023E5BDE}.Release|x64.ActiveCfg = Release|Any CPU
		{AFB210CC-EB06-531A-0E35-735E023E5BDE}.Release|x64.Build.0 = Release|Any CPU
		{AFB210CC-EB06-531A-0E35-735E023E5BDE}.Release|x86.ActiveCfg = Release|Any CPU
		{AFB210CC-EB06-531A-0E35-735E023E5BDE}.Release|x86.Build.0 = Release|Any CPU
		{BDA29E90-5AA0-408B-A6E9-898C76930173}.Debug|Any CPU.ActiveCfg = Debug|Any CPU
		{BDA29E90-5AA0-408B-A6E9-898C76930173}.Debug|Any CPU.Build.0 = Debug|Any CPU
		{BDA29E90-5AA0-408B-A6E9-898C76930173}.Debug|x64.ActiveCfg = Debug|Any CPU
		{BDA29E90-5AA0-408B-A6E9-898C76930173}.Debug|x64.Build.0 = Debug|Any CPU
		{BDA29E90-5AA0-408B-A6E9-898C76930173}.Debug|x86.ActiveCfg = Debug|Any CPU
		{BDA29E90-5AA0-408B-A6E9-898C76930173}.Debug|x86.Build.0 = Debug|Any CPU
		{BDA29E90-5AA0-408B-A6E9-898C76930173}.Release|Any CPU.ActiveCfg = Release|Any CPU
		{BDA29E90-5AA0-408B-A6E9-898C76930173}.Release|Any CPU.Build.0 = Release|Any CPU
		{BDA29E90-5AA0-408B-A6E9-898C76930173}.Release|x64.ActiveCfg = Release|Any CPU
		{BDA29E90-5AA0-408B-A6E9-898C76930173}.Release|x64.Build.0 = Release|Any CPU
		{BDA29E90-5AA0-408B-A6E9-898C76930173}.Release|x86.ActiveCfg = Release|Any CPU
		{BDA29E90-5AA0-408B-A6E9-898C76930173}.Release|x86.Build.0 = Release|Any CPU
	EndGlobalSection
	GlobalSection(SolutionProperties) = preSolution
		HideSolutionNode = FALSE
	EndGlobalSection
	GlobalSection(NestedProjects) = preSolution
		{C8E42992-5E42-0C2B-DBFE-AA848D06431C} = {827E0CD3-B72D-47B6-A68D-7590B98EB39B}
		{BDA29E90-5AA0-408B-A6E9-898C76930173} = {C8E42992-5E42-0C2B-DBFE-AA848D06431C}
	EndGlobalSection
EndGlobal
